
Microsoft Visual Studio Solution File, Format Version 12.00
# Visual Studio Version 16
VisualStudioVersion = 16.0.29806.167
MinimumVisualStudioVersion = 15.0.26124.0
Project("{9A19103F-16F7-4668-BE54-9A1E7A4F7556}") = "Tot.Api", "src\Tot.Api\Tot.Api.csproj", "{7DB5DAD3-C0BB-421D-A008-64965C300BD7}"
EndProject
Project("{9A19103F-16F7-4668-BE54-9A1E7A4F7556}") = "Tot.Command", "src\Tot.Command\Tot.Command.csproj", "{34D8E805-F9D8-428A-BB93-B40443542A27}"
EndProject
Project("{9A19103F-16F7-4668-BE54-9A1E7A4F7556}") = "Tot.Infra.Bus", "src\Tot.Infra.Bus\Tot.Infra.Bus.csproj", "{C0441338-DEAD-4990-AD61-377C9D878B9B}"
EndProject
Project("{9A19103F-16F7-4668-BE54-9A1E7A4F7556}") = "Tot.Infra.IoC", "src\Tot.Infra.IoC\Tot.Infra.IoC.csproj", "{54EBE42C-B5C5-4C1E-AE0B-98D584EFA0DF}"
EndProject
Project("{9A19103F-16F7-4668-BE54-9A1E7A4F7556}") = "Tot.Infra.Persistence", "src\Tot.Infra.Persistence\Tot.Infra.Persistence.csproj", "{E09026C2-EF31-4788-8A9F-91AA744C3B02}"
EndProject
Project("{9A19103F-16F7-4668-BE54-9A1E7A4F7556}") = "Tot.Query", "src\Tot.Query\Tot.Query.csproj", "{15E13FDA-6416-49A2-B581-7B172878FDBB}"
EndProject
Project("{9A19103F-16F7-4668-BE54-9A1E7A4F7556}") = "Tot.Shared", "src\Tot.Shared\Tot.Shared.csproj", "{A844A0E7-E1E8-4F35-9E72-F44E67920FFB}"
EndProject
Project("{2150E333-8FDC-42A3-9474-1A3956D46DE8}") = "1 - Presentation", "1 - Presentation", "{6EB4CAC4-3DC9-47EB-8301-9E87E2C69F31}"
EndProject
Project("{2150E333-8FDC-42A3-9474-1A3956D46DE8}") = "2 - Domain", "2 - Domain", "{A268B611-9419-4840-A6E7-745D930E503E}"
EndProject
Project("{2150E333-8FDC-42A3-9474-1A3956D46DE8}") = "3 - Infrastructure", "3 - Infrastructure", "{F64864F3-32B7-4E1B-9095-1C725DF39267}"
EndProject
Global
	GlobalSection(SolutionConfigurationPlatforms) = preSolution
		Debug|Any CPU = Debug|Any CPU
		Debug|x64 = Debug|x64
		Debug|x86 = Debug|x86
		Release|Any CPU = Release|Any CPU
		Release|x64 = Release|x64
		Release|x86 = Release|x86
	EndGlobalSection
	GlobalSection(ProjectConfigurationPlatforms) = postSolution
		{7DB5DAD3-C0BB-421D-A008-64965C300BD7}.Debug|Any CPU.ActiveCfg = Debug|Any CPU
		{7DB5DAD3-C0BB-421D-A008-64965C300BD7}.Debug|Any CPU.Build.0 = Debug|Any CPU
		{7DB5DAD3-C0BB-421D-A008-64965C300BD7}.Debug|x64.ActiveCfg = Debug|Any CPU
		{7DB5DAD3-C0BB-421D-A008-64965C300BD7}.Debug|x64.Build.0 = Debug|Any CPU
		{7DB5DAD3-C0BB-421D-A008-64965C300BD7}.Debug|x86.ActiveCfg = Debug|Any CPU
		{7DB5DAD3-C0BB-421D-A008-64965C300BD7}.Debug|x86.Build.0 = Debug|Any CPU
		{7DB5DAD3-C0BB-421D-A008-64965C300BD7}.Release|Any CPU.ActiveCfg = Release|Any CPU
		{7DB5DAD3-C0BB-421D-A008-64965C300BD7}.Release|Any CPU.Build.0 = Release|Any CPU
		{7DB5DAD3-C0BB-421D-A008-64965C300BD7}.Release|x64.ActiveCfg = Release|Any CPU
		{7DB5DAD3-C0BB-421D-A008-64965C300BD7}.Release|x64.Build.0 = Release|Any CPU
		{7DB5DAD3-C0BB-421D-A008-64965C300BD7}.Release|x86.ActiveCfg = Release|Any CPU
		{7DB5DAD3-C0BB-421D-A008-64965C300BD7}.Release|x86.Build.0 = Release|Any CPU
		{34D8E805-F9D8-428A-BB93-B40443542A27}.Debug|Any CPU.ActiveCfg = Debug|Any CPU
		{34D8E805-F9D8-428A-BB93-B40443542A27}.Debug|Any CPU.Build.0 = Debug|Any CPU
		{34D8E805-F9D8-428A-BB93-B40443542A27}.Debug|x64.ActiveCfg = Debug|Any CPU
		{34D8E805-F9D8-428A-BB93-B40443542A27}.Debug|x64.Build.0 = Debug|Any CPU
		{34D8E805-F9D8-428A-BB93-B40443542A27}.Debug|x86.ActiveCfg = Debug|Any CPU
		{34D8E805-F9D8-428A-BB93-B40443542A27}.Debug|x86.Build.0 = Debug|Any CPU
		{34D8E805-F9D8-428A-BB93-B40443542A27}.Release|Any CPU.ActiveCfg = Release|Any CPU
		{34D8E805-F9D8-428A-BB93-B40443542A27}.Release|Any CPU.Build.0 = Release|Any CPU
		{34D8E805-F9D8-428A-BB93-B40443542A27}.Release|x64.ActiveCfg = Release|Any CPU
		{34D8E805-F9D8-428A-BB93-B40443542A27}.Release|x64.Build.0 = Release|Any CPU
		{34D8E805-F9D8-428A-BB93-B40443542A27}.Release|x86.ActiveCfg = Release|Any CPU
		{34D8E805-F9D8-428A-BB93-B40443542A27}.Release|x86.Build.0 = Release|Any CPU
		{C0441338-DEAD-4990-AD61-377C9D878B9B}.Debug|Any CPU.ActiveCfg = Debug|Any CPU
		{C0441338-DEAD-4990-AD61-377C9D878B9B}.Debug|Any CPU.Build.0 = Debug|Any CPU
		{C0441338-DEAD-4990-AD61-377C9D878B9B}.Debug|x64.ActiveCfg = Debug|Any CPU
		{C0441338-DEAD-4990-AD61-377C9D878B9B}.Debug|x64.Build.0 = Debug|Any CPU
		{C0441338-DEAD-4990-AD61-377C9D878B9B}.Debug|x86.ActiveCfg = Debug|Any CPU
		{C0441338-DEAD-4990-AD61-377C9D878B9B}.Debug|x86.Build.0 = Debug|Any CPU
		{C0441338-DEAD-4990-AD61-377C9D878B9B}.Release|Any CPU.ActiveCfg = Release|Any CPU
		{C0441338-DEAD-4990-AD61-377C9D878B9B}.Release|Any CPU.Build.0 = Release|Any CPU
		{C0441338-DEAD-4990-AD61-377C9D878B9B}.Release|x64.ActiveCfg = Release|Any CPU
		{C0441338-DEAD-4990-AD61-377C9D878B9B}.Release|x64.Build.0 = Release|Any CPU
		{C0441338-DEAD-4990-AD61-377C9D878B9B}.Release|x86.ActiveCfg = Release|Any CPU
		{C0441338-DEAD-4990-AD61-377C9D878B9B}.Release|x86.Build.0 = Release|Any CPU
		{54EBE42C-B5C5-4C1E-AE0B-98D584EFA0DF}.Debug|Any CPU.ActiveCfg = Debug|Any CPU
		{54EBE42C-B5C5-4C1E-AE0B-98D584EFA0DF}.Debug|Any CPU.Build.0 = Debug|Any CPU
		{54EBE42C-B5C5-4C1E-AE0B-98D584EFA0DF}.Debug|x64.ActiveCfg = Debug|Any CPU
		{54EBE42C-B5C5-4C1E-AE0B-98D584EFA0DF}.Debug|x64.Build.0 = Debug|Any CPU
		{54EBE42C-B5C5-4C1E-AE0B-98D584EFA0DF}.Debug|x86.ActiveCfg = Debug|Any CPU
		{54EBE42C-B5C5-4C1E-AE0B-98D584EFA0DF}.Debug|x86.Build.0 = Debug|Any CPU
		{54EBE42C-B5C5-4C1E-AE0B-98D584EFA0DF}.Release|Any CPU.ActiveCfg = Release|Any CPU
		{54EBE42C-B5C5-4C1E-AE0B-98D584EFA0DF}.Release|Any CPU.Build.0 = Release|Any CPU
		{54EBE42C-B5C5-4C1E-AE0B-98D584EFA0DF}.Release|x64.ActiveCfg = Release|Any CPU
		{54EBE42C-B5C5-4C1E-AE0B-98D584EFA0DF}.Release|x64.Build.0 = Release|Any CPU
		{54EBE42C-B5C5-4C1E-AE0B-98D584EFA0DF}.Release|x86.ActiveCfg = Release|Any CPU
		{54EBE42C-B5C5-4C1E-AE0B-98D584EFA0DF}.Release|x86.Build.0 = Release|Any CPU
		{E09026C2-EF31-4788-8A9F-91AA744C3B02}.Debug|Any CPU.ActiveCfg = Debug|Any CPU
		{E09026C2-EF31-4788-8A9F-91AA744C3B02}.Debug|Any CPU.Build.0 = Debug|Any CPU
		{E09026C2-EF31-4788-8A9F-91AA744C3B02}.Debug|x64.ActiveCfg = Debug|Any CPU
		{E09026C2-EF31-4788-8A9F-91AA744C3B02}.Debug|x64.Build.0 = Debug|Any CPU
		{E09026C2-EF31-4788-8A9F-91AA744C3B02}.Debug|x86.ActiveCfg = Debug|Any CPU
		{E09026C2-EF31-4788-8A9F-91AA744C3B02}.Debug|x86.Build.0 = Debug|Any CPU
		{E09026C2-EF31-4788-8A9F-91AA744C3B02}.Release|Any CPU.ActiveCfg = Release|Any CPU
		{E09026C2-EF31-4788-8A9F-91AA744C3B02}.Release|Any CPU.Build.0 = Release|Any CPU
		{E09026C2-EF31-4788-8A9F-91AA744C3B02}.Release|x64.ActiveCfg = Release|Any CPU
		{E09026C2-EF31-4788-8A9F-91AA744C3B02}.Release|x64.Build.0 = Release|Any CPU
		{E09026C2-EF31-4788-8A9F-91AA744C3B02}.Release|x86.ActiveCfg = Release|Any CPU
		{E09026C2-EF31-4788-8A9F-91AA744C3B02}.Release|x86.Build.0 = Release|Any CPU
		{15E13FDA-6416-49A2-B581-7B172878FDBB}.Debug|Any CPU.ActiveCfg = Debug|Any CPU
		{15E13FDA-6416-49A2-B581-7B172878FDBB}.Debug|Any CPU.Build.0 = Debug|Any CPU
		{15E13FDA-6416-49A2-B581-7B172878FDBB}.Debug|x64.ActiveCfg = Debug|Any CPU
		{15E13FDA-6416-49A2-B581-7B172878FDBB}.Debug|x64.Build.0 = Debug|Any CPU
		{15E13FDA-6416-49A2-B581-7B172878FDBB}.Debug|x86.ActiveCfg = Debug|Any CPU
		{15E13FDA-6416-49A2-B581-7B172878FDBB}.Debug|x86.Build.0 = Debug|Any CPU
		{15E13FDA-6416-49A2-B581-7B172878FDBB}.Release|Any CPU.ActiveCfg = Release|Any CPU
		{15E13FDA-6416-49A2-B581-7B172878FDBB}.Release|Any CPU.Build.0 = Release|Any CPU
		{15E13FDA-6416-49A2-B581-7B172878FDBB}.Release|x64.ActiveCfg = Release|Any CPU
		{15E13FDA-6416-49A2-B581-7B172878FDBB}.Release|x64.Build.0 = Release|Any CPU
		{15E13FDA-6416-49A2-B581-7B172878FDBB}.Release|x86.ActiveCfg = Release|Any CPU
		{15E13FDA-6416-49A2-B581-7B172878FDBB}.Release|x86.Build.0 = Release|Any CPU
		{A844A0E7-E1E8-4F35-9E72-F44E67920FFB}.Debug|Any CPU.ActiveCfg = Debug|Any CPU
		{A844A0E7-E1E8-4F35-9E72-F44E67920FFB}.Debug|Any CPU.Build.0 = Debug|Any CPU
		{A844A0E7-E1E8-4F35-9E72-F44E67920FFB}.Debug|x64.ActiveCfg = Debug|Any CPU
		{A844A0E7-E1E8-4F35-9E72-F44E67920FFB}.Debug|x64.Build.0 = Debug|Any CPU
		{A844A0E7-E1E8-4F35-9E72-F44E67920FFB}.Debug|x86.ActiveCfg = Debug|Any CPU
		{A844A0E7-E1E8-4F35-9E72-F44E67920FFB}.Debug|x86.Build.0 = Debug|Any CPU
		{A844A0E7-E1E8-4F35-9E72-F44E67920FFB}.Release|Any CPU.ActiveCfg = Release|Any CPU
		{A844A0E7-E1E8-4F35-9E72-F44E67920FFB}.Release|Any CPU.Build.0 = Release|Any CPU
		{A844A0E7-E1E8-4F35-9E72-F44E67920FFB}.Release|x64.ActiveCfg = Release|Any CPU
		{A844A0E7-E1E8-4F35-9E72-F44E67920FFB}.Release|x64.Build.0 = Release|Any CPU
		{A844A0E7-E1E8-4F35-9E72-F44E67920FFB}.Release|x86.ActiveCfg = Release|Any CPU
		{A844A0E7-E1E8-4F35-9E72-F44E67920FFB}.Release|x86.Build.0 = Release|Any CPU
	EndGlobalSection
	GlobalSection(SolutionProperties) = preSolution
		HideSolutionNode = FALSE
	EndGlobalSection
	GlobalSection(NestedProjects) = preSolution
		{7DB5DAD3-C0BB-421D-A008-64965C300BD7} = {6EB4CAC4-3DC9-47EB-8301-9E87E2C69F31}
		{34D8E805-F9D8-428A-BB93-B40443542A27} = {A268B611-9419-4840-A6E7-745D930E503E}
		{C0441338-DEAD-4990-AD61-377C9D878B9B} = {F64864F3-32B7-4E1B-9095-1C725DF39267}
		{54EBE42C-B5C5-4C1E-AE0B-98D584EFA0DF} = {F64864F3-32B7-4E1B-9095-1C725DF39267}
		{E09026C2-EF31-4788-8A9F-91AA744C3B02} = {F64864F3-32B7-4E1B-9095-1C725DF39267}
		{15E13FDA-6416-49A2-B581-7B172878FDBB} = {A268B611-9419-4840-A6E7-745D930E503E}
		{A844A0E7-E1E8-4F35-9E72-F44E67920FFB} = {A268B611-9419-4840-A6E7-745D930E503E}
	EndGlobalSection
	GlobalSection(ExtensibilityGlobals) = postSolution
		SolutionGuid = {D29FB6EC-8D40-4387-B3D6-7EE14B45700B}
	EndGlobalSection
EndGlobal
