
Microsoft Visual Studio Solution File, Format Version 12.00
# Visual Studio 15
VisualStudioVersion = 15.0.26124.0
MinimumVisualStudioVersion = 15.0.26124.0
Project("{9A19103F-16F7-4668-BE54-9A1E7A4F7556}") = "Tot.Api", "Tot.Api\Tot.Api.csproj", "{C8F7CD7B-58A2-4C85-AEF4-314A67FF1862}"
EndProject
Project("{9A19103F-16F7-4668-BE54-9A1E7A4F7556}") = "Tot.Core", "Tot.Core\Tot.Core.csproj", "{8EBC744B-56CC-462B-950E-0EC33BC39A1F}"
EndProject
Project("{2150E333-8FDC-42A3-9474-1A3956D46DE8}") = "Core", "Core", "{C6026C99-9C3E-4A85-A814-E0D01C59617F}"
EndProject
Project("{2150E333-8FDC-42A3-9474-1A3956D46DE8}") = "Infra", "Infra", "{123A40C2-123D-42C3-9B1C-92D3D2A01D30}"
EndProject
Project("{9A19103F-16F7-4668-BE54-9A1E7A4F7556}") = "Tot.Command", "Tot.Command\Tot.Command.csproj", "{5EE0F607-57E8-48E0-8D7A-3923208C43E0}"
EndProject
Project("{9A19103F-16F7-4668-BE54-9A1E7A4F7556}") = "Tot.Query", "Tot.Query\Tot.Query.csproj", "{793F3486-BBF1-4166-B103-D77247673B81}"
EndProject
Project("{9A19103F-16F7-4668-BE54-9A1E7A4F7556}") = "Tot.Infra.Bus", "Tot.Infra.Bus\Tot.Infra.Bus.csproj", "{60E445FA-5C4A-4117-BF53-2F4216118D20}"
EndProject
Project("{9A19103F-16F7-4668-BE54-9A1E7A4F7556}") = "Tot.Infra.IoC", "Tot.Infra.IoC\Tot.Infra.IoC.csproj", "{53308964-4CDA-4083-8F18-747984527E1D}"
EndProject
Project("{9A19103F-16F7-4668-BE54-9A1E7A4F7556}") = "Tot.Infra.Persistence", "Tot.Infra.Persistence\Tot.Infra.Persistence.csproj", "{89A778D7-CE51-4766-80F7-A77ECA5037D3}"
EndProject
Project("{2150E333-8FDC-42A3-9474-1A3956D46DE8}") = "Test", "Test", "{A5B11A5A-78E6-4484-BDF9-BB945A3F51FB}"
EndProject
Project("{9A19103F-16F7-4668-BE54-9A1E7A4F7556}") = "Tot.Command.Test", "Tot.Command.Test\Tot.Command.Test.csproj", "{8A046864-7701-4E2E-A0A2-7CA657CF8E79}"
EndProject
Global
	GlobalSection(SolutionConfigurationPlatforms) = preSolution
		Debug|Any CPU = Debug|Any CPU
		Debug|x64 = Debug|x64
		Debug|x86 = Debug|x86
		Release|Any CPU = Release|Any CPU
		Release|x64 = Release|x64
		Release|x86 = Release|x86
	EndGlobalSection
	GlobalSection(ProjectConfigurationPlatforms) = postSolution
		{C8F7CD7B-58A2-4C85-AEF4-314A67FF1862}.Debug|Any CPU.ActiveCfg = Debug|Any CPU
		{C8F7CD7B-58A2-4C85-AEF4-314A67FF1862}.Debug|Any CPU.Build.0 = Debug|Any CPU
		{C8F7CD7B-58A2-4C85-AEF4-314A67FF1862}.Debug|x64.ActiveCfg = Debug|Any CPU
		{C8F7CD7B-58A2-4C85-AEF4-314A67FF1862}.Debug|x64.Build.0 = Debug|Any CPU
		{C8F7CD7B-58A2-4C85-AEF4-314A67FF1862}.Debug|x86.ActiveCfg = Debug|Any CPU
		{C8F7CD7B-58A2-4C85-AEF4-314A67FF1862}.Debug|x86.Build.0 = Debug|Any CPU
		{C8F7CD7B-58A2-4C85-AEF4-314A67FF1862}.Release|Any CPU.ActiveCfg = Release|Any CPU
		{C8F7CD7B-58A2-4C85-AEF4-314A67FF1862}.Release|Any CPU.Build.0 = Release|Any CPU
		{C8F7CD7B-58A2-4C85-AEF4-314A67FF1862}.Release|x64.ActiveCfg = Release|Any CPU
		{C8F7CD7B-58A2-4C85-AEF4-314A67FF1862}.Release|x64.Build.0 = Release|Any CPU
		{C8F7CD7B-58A2-4C85-AEF4-314A67FF1862}.Release|x86.ActiveCfg = Release|Any CPU
		{C8F7CD7B-58A2-4C85-AEF4-314A67FF1862}.Release|x86.Build.0 = Release|Any CPU
		{8EBC744B-56CC-462B-950E-0EC33BC39A1F}.Debug|Any CPU.ActiveCfg = Debug|Any CPU
		{8EBC744B-56CC-462B-950E-0EC33BC39A1F}.Debug|Any CPU.Build.0 = Debug|Any CPU
		{8EBC744B-56CC-462B-950E-0EC33BC39A1F}.Debug|x64.ActiveCfg = Debug|Any CPU
		{8EBC744B-56CC-462B-950E-0EC33BC39A1F}.Debug|x64.Build.0 = Debug|Any CPU
		{8EBC744B-56CC-462B-950E-0EC33BC39A1F}.Debug|x86.ActiveCfg = Debug|Any CPU
		{8EBC744B-56CC-462B-950E-0EC33BC39A1F}.Debug|x86.Build.0 = Debug|Any CPU
		{8EBC744B-56CC-462B-950E-0EC33BC39A1F}.Release|Any CPU.ActiveCfg = Release|Any CPU
		{8EBC744B-56CC-462B-950E-0EC33BC39A1F}.Release|Any CPU.Build.0 = Release|Any CPU
		{8EBC744B-56CC-462B-950E-0EC33BC39A1F}.Release|x64.ActiveCfg = Release|Any CPU
		{8EBC744B-56CC-462B-950E-0EC33BC39A1F}.Release|x64.Build.0 = Release|Any CPU
		{8EBC744B-56CC-462B-950E-0EC33BC39A1F}.Release|x86.ActiveCfg = Release|Any CPU
		{8EBC744B-56CC-462B-950E-0EC33BC39A1F}.Release|x86.Build.0 = Release|Any CPU
		{5EE0F607-57E8-48E0-8D7A-3923208C43E0}.Debug|Any CPU.ActiveCfg = Debug|Any CPU
		{5EE0F607-57E8-48E0-8D7A-3923208C43E0}.Debug|Any CPU.Build.0 = Debug|Any CPU
		{5EE0F607-57E8-48E0-8D7A-3923208C43E0}.Debug|x64.ActiveCfg = Debug|Any CPU
		{5EE0F607-57E8-48E0-8D7A-3923208C43E0}.Debug|x64.Build.0 = Debug|Any CPU
		{5EE0F607-57E8-48E0-8D7A-3923208C43E0}.Debug|x86.ActiveCfg = Debug|Any CPU
		{5EE0F607-57E8-48E0-8D7A-3923208C43E0}.Debug|x86.Build.0 = Debug|Any CPU
		{5EE0F607-57E8-48E0-8D7A-3923208C43E0}.Release|Any CPU.ActiveCfg = Release|Any CPU
		{5EE0F607-57E8-48E0-8D7A-3923208C43E0}.Release|Any CPU.Build.0 = Release|Any CPU
		{5EE0F607-57E8-48E0-8D7A-3923208C43E0}.Release|x64.ActiveCfg = Release|Any CPU
		{5EE0F607-57E8-48E0-8D7A-3923208C43E0}.Release|x64.Build.0 = Release|Any CPU
		{5EE0F607-57E8-48E0-8D7A-3923208C43E0}.Release|x86.ActiveCfg = Release|Any CPU
		{5EE0F607-57E8-48E0-8D7A-3923208C43E0}.Release|x86.Build.0 = Release|Any CPU
		{793F3486-BBF1-4166-B103-D77247673B81}.Debug|Any CPU.ActiveCfg = Debug|Any CPU
		{793F3486-BBF1-4166-B103-D77247673B81}.Debug|Any CPU.Build.0 = Debug|Any CPU
		{793F3486-BBF1-4166-B103-D77247673B81}.Debug|x64.ActiveCfg = Debug|Any CPU
		{793F3486-BBF1-4166-B103-D77247673B81}.Debug|x64.Build.0 = Debug|Any CPU
		{793F3486-BBF1-4166-B103-D77247673B81}.Debug|x86.ActiveCfg = Debug|Any CPU
		{793F3486-BBF1-4166-B103-D77247673B81}.Debug|x86.Build.0 = Debug|Any CPU
		{793F3486-BBF1-4166-B103-D77247673B81}.Release|Any CPU.ActiveCfg = Release|Any CPU
		{793F3486-BBF1-4166-B103-D77247673B81}.Release|Any CPU.Build.0 = Release|Any CPU
		{793F3486-BBF1-4166-B103-D77247673B81}.Release|x64.ActiveCfg = Release|Any CPU
		{793F3486-BBF1-4166-B103-D77247673B81}.Release|x64.Build.0 = Release|Any CPU
		{793F3486-BBF1-4166-B103-D77247673B81}.Release|x86.ActiveCfg = Release|Any CPU
		{793F3486-BBF1-4166-B103-D77247673B81}.Release|x86.Build.0 = Release|Any CPU
		{60E445FA-5C4A-4117-BF53-2F4216118D20}.Debug|Any CPU.ActiveCfg = Debug|Any CPU
		{60E445FA-5C4A-4117-BF53-2F4216118D20}.Debug|Any CPU.Build.0 = Debug|Any CPU
		{60E445FA-5C4A-4117-BF53-2F4216118D20}.Debug|x64.ActiveCfg = Debug|Any CPU
		{60E445FA-5C4A-4117-BF53-2F4216118D20}.Debug|x64.Build.0 = Debug|Any CPU
		{60E445FA-5C4A-4117-BF53-2F4216118D20}.Debug|x86.ActiveCfg = Debug|Any CPU
		{60E445FA-5C4A-4117-BF53-2F4216118D20}.Debug|x86.Build.0 = Debug|Any CPU
		{60E445FA-5C4A-4117-BF53-2F4216118D20}.Release|Any CPU.ActiveCfg = Release|Any CPU
		{60E445FA-5C4A-4117-BF53-2F4216118D20}.Release|Any CPU.Build.0 = Release|Any CPU
		{60E445FA-5C4A-4117-BF53-2F4216118D20}.Release|x64.ActiveCfg = Release|Any CPU
		{60E445FA-5C4A-4117-BF53-2F4216118D20}.Release|x64.Build.0 = Release|Any CPU
		{60E445FA-5C4A-4117-BF53-2F4216118D20}.Release|x86.ActiveCfg = Release|Any CPU
		{60E445FA-5C4A-4117-BF53-2F4216118D20}.Release|x86.Build.0 = Release|Any CPU
		{53308964-4CDA-4083-8F18-747984527E1D}.Debug|Any CPU.ActiveCfg = Debug|Any CPU
		{53308964-4CDA-4083-8F18-747984527E1D}.Debug|Any CPU.Build.0 = Debug|Any CPU
		{53308964-4CDA-4083-8F18-747984527E1D}.Debug|x64.ActiveCfg = Debug|Any CPU
		{53308964-4CDA-4083-8F18-747984527E1D}.Debug|x64.Build.0 = Debug|Any CPU
		{53308964-4CDA-4083-8F18-747984527E1D}.Debug|x86.ActiveCfg = Debug|Any CPU
		{53308964-4CDA-4083-8F18-747984527E1D}.Debug|x86.Build.0 = Debug|Any CPU
		{53308964-4CDA-4083-8F18-747984527E1D}.Release|Any CPU.ActiveCfg = Release|Any CPU
		{53308964-4CDA-4083-8F18-747984527E1D}.Release|Any CPU.Build.0 = Release|Any CPU
		{53308964-4CDA-4083-8F18-747984527E1D}.Release|x64.ActiveCfg = Release|Any CPU
		{53308964-4CDA-4083-8F18-747984527E1D}.Release|x64.Build.0 = Release|Any CPU
		{53308964-4CDA-4083-8F18-747984527E1D}.Release|x86.ActiveCfg = Release|Any CPU
		{53308964-4CDA-4083-8F18-747984527E1D}.Release|x86.Build.0 = Release|Any CPU
		{89A778D7-CE51-4766-80F7-A77ECA5037D3}.Debug|Any CPU.ActiveCfg = Debug|Any CPU
		{89A778D7-CE51-4766-80F7-A77ECA5037D3}.Debug|Any CPU.Build.0 = Debug|Any CPU
		{89A778D7-CE51-4766-80F7-A77ECA5037D3}.Debug|x64.ActiveCfg = Debug|Any CPU
		{89A778D7-CE51-4766-80F7-A77ECA5037D3}.Debug|x64.Build.0 = Debug|Any CPU
		{89A778D7-CE51-4766-80F7-A77ECA5037D3}.Debug|x86.ActiveCfg = Debug|Any CPU
		{89A778D7-CE51-4766-80F7-A77ECA5037D3}.Debug|x86.Build.0 = Debug|Any CPU
		{89A778D7-CE51-4766-80F7-A77ECA5037D3}.Release|Any CPU.ActiveCfg = Release|Any CPU
		{89A778D7-CE51-4766-80F7-A77ECA5037D3}.Release|Any CPU.Build.0 = Release|Any CPU
		{89A778D7-CE51-4766-80F7-A77ECA5037D3}.Release|x64.ActiveCfg = Release|Any CPU
		{89A778D7-CE51-4766-80F7-A77ECA5037D3}.Release|x64.Build.0 = Release|Any CPU
		{89A778D7-CE51-4766-80F7-A77ECA5037D3}.Release|x86.ActiveCfg = Release|Any CPU
		{89A778D7-CE51-4766-80F7-A77ECA5037D3}.Release|x86.Build.0 = Release|Any CPU
		{8A046864-7701-4E2E-A0A2-7CA657CF8E79}.Debug|Any CPU.ActiveCfg = Debug|Any CPU
		{8A046864-7701-4E2E-A0A2-7CA657CF8E79}.Debug|Any CPU.Build.0 = Debug|Any CPU
		{8A046864-7701-4E2E-A0A2-7CA657CF8E79}.Debug|x64.ActiveCfg = Debug|Any CPU
		{8A046864-7701-4E2E-A0A2-7CA657CF8E79}.Debug|x64.Build.0 = Debug|Any CPU
		{8A046864-7701-4E2E-A0A2-7CA657CF8E79}.Debug|x86.ActiveCfg = Debug|Any CPU
		{8A046864-7701-4E2E-A0A2-7CA657CF8E79}.Debug|x86.Build.0 = Debug|Any CPU
		{8A046864-7701-4E2E-A0A2-7CA657CF8E79}.Release|Any CPU.ActiveCfg = Release|Any CPU
		{8A046864-7701-4E2E-A0A2-7CA657CF8E79}.Release|Any CPU.Build.0 = Release|Any CPU
		{8A046864-7701-4E2E-A0A2-7CA657CF8E79}.Release|x64.ActiveCfg = Release|Any CPU
		{8A046864-7701-4E2E-A0A2-7CA657CF8E79}.Release|x64.Build.0 = Release|Any CPU
		{8A046864-7701-4E2E-A0A2-7CA657CF8E79}.Release|x86.ActiveCfg = Release|Any CPU
		{8A046864-7701-4E2E-A0A2-7CA657CF8E79}.Release|x86.Build.0 = Release|Any CPU
	EndGlobalSection
	GlobalSection(SolutionProperties) = preSolution
		HideSolutionNode = FALSE
	EndGlobalSection
	GlobalSection(NestedProjects) = preSolution
		{8EBC744B-56CC-462B-950E-0EC33BC39A1F} = {C6026C99-9C3E-4A85-A814-E0D01C59617F}
		{123A40C2-123D-42C3-9B1C-92D3D2A01D30} = {C6026C99-9C3E-4A85-A814-E0D01C59617F}
		{5EE0F607-57E8-48E0-8D7A-3923208C43E0} = {C6026C99-9C3E-4A85-A814-E0D01C59617F}
		{793F3486-BBF1-4166-B103-D77247673B81} = {C6026C99-9C3E-4A85-A814-E0D01C59617F}
		{60E445FA-5C4A-4117-BF53-2F4216118D20} = {123A40C2-123D-42C3-9B1C-92D3D2A01D30}
		{53308964-4CDA-4083-8F18-747984527E1D} = {123A40C2-123D-42C3-9B1C-92D3D2A01D30}
		{89A778D7-CE51-4766-80F7-A77ECA5037D3} = {123A40C2-123D-42C3-9B1C-92D3D2A01D30}
		{8A046864-7701-4E2E-A0A2-7CA657CF8E79} = {A5B11A5A-78E6-4484-BDF9-BB945A3F51FB}
	EndGlobalSection
	GlobalSection(ExtensibilityGlobals) = postSolution
		SolutionGuid = {30A45A65-1B1D-49E2-B247-353D826D0358}
	EndGlobalSection
EndGlobal
